
Microsoft Visual Studio Solution File, Format Version 12.00
Project("{FAE04EC0-301F-11D3-BF4B-00C04F79EFBC}") = "Adapter", "Adapter\Adapter.csproj", "{AC15D912-2A3A-45D6-AD91-6331352E9794}"
EndProject
Project("{FAE04EC0-301F-11D3-BF4B-00C04F79EFBC}") = "Decorator", "Decorator\Decorator.csproj", "{B48799DC-3DE8-45C0-A4C1-A6FA913059C5}"
EndProject
Project("{FAE04EC0-301F-11D3-BF4B-00C04F79EFBC}") = "Bridge", "Bridge\Bridge.csproj", "{CF1D5521-EFE8-4590-BB96-AB7E5920BBC6}"
EndProject
Project("{FAE04EC0-301F-11D3-BF4B-00C04F79EFBC}") = "Composite", "Composite\Composite.csproj", "{14FA08A2-59AB-4925-9B90-DD760B20634C}"
EndProject
Project("{FAE04EC0-301F-11D3-BF4B-00C04F79EFBC}") = "Facade", "Facade\Facade.csproj", "{3D449712-E4CE-44DF-816D-D6B97DD19E87}"
EndProject
Project("{FAE04EC0-301F-11D3-BF4B-00C04F79EFBC}") = "Flyweight", "Flyweight\Flyweight.csproj", "{1B3263FA-5F8F-4D2A-9BAC-E46EF5B1C19E}"
EndProject
Project("{FAE04EC0-301F-11D3-BF4B-00C04F79EFBC}") = "Proxy", "Proxy\Proxy.csproj", "{FC6D1383-8479-4D0D-838D-9A15E654CEA0}"
EndProject
Project("{FAE04EC0-301F-11D3-BF4B-00C04F79EFBC}") = "Factory", "Factory\Factory.csproj", "{A4EF220A-CC93-4A88-9FB5-CF70802CDC1F}"
EndProject
Project("{FAE04EC0-301F-11D3-BF4B-00C04F79EFBC}") = "AbstractFactory", "AbstractFactory\AbstractFactory.csproj", "{F1A240C6-E198-4403-95AB-8F57662D3AB8}"
EndProject
Project("{FAE04EC0-301F-11D3-BF4B-00C04F79EFBC}") = "Builder", "Builder\Builder.csproj", "{2DA33191-5CE2-408C-9408-65F9360E39F0}"
EndProject
Project("{FAE04EC0-301F-11D3-BF4B-00C04F79EFBC}") = "Prototype", "Prototype\Prototype.csproj", "{BAE778C7-76C9-4C09-A4A1-FB03B5F55B88}"
EndProject
Project("{FAE04EC0-301F-11D3-BF4B-00C04F79EFBC}") = "Singleton", "Singleton\Singleton.csproj", "{B75F73FA-4207-46DB-9635-E2FE4E67B87B}"
EndProject
Project("{FAE04EC0-301F-11D3-BF4B-00C04F79EFBC}") = "ChainOfResponsibility", "ChainOfResponsibility\ChainOfResponsibility.csproj", "{D1647DF5-EC13-4ACE-840D-20C2F00F0DFD}"
EndProject
Project("{FAE04EC0-301F-11D3-BF4B-00C04F79EFBC}") = "Iterator", "Iterator\Iterator.csproj", "{8839C326-42F0-4FBC-B963-83E1130AEC3B}"
EndProject
Project("{FAE04EC0-301F-11D3-BF4B-00C04F79EFBC}") = "Command", "Command\Command.csproj", "{A68C1720-1F6F-4357-8FC4-A89DAF9B0A4D}"
EndProject
Project("{FAE04EC0-301F-11D3-BF4B-00C04F79EFBC}") = "Mediator", "Mediator\Mediator.csproj", "{D9EBEE50-762F-46F7-A09D-F46A3F37F651}"
EndProject
Project("{FAE04EC0-301F-11D3-BF4B-00C04F79EFBC}") = "Memento", "Memento\Memento.csproj", "{099DBA89-8158-4ECE-B197-C3EAA13E89E2}"
EndProject
Project("{FAE04EC0-301F-11D3-BF4B-00C04F79EFBC}") = "Observer", "Observer\Observer.csproj", "{D93C70C9-5F63-4A9E-95A8-46C500636087}"
EndProject
Project("{FAE04EC0-301F-11D3-BF4B-00C04F79EFBC}") = "Strategy", "Strategy\Strategy.csproj", "{CD059559-B58A-41F7-8FF4-4CA36F341445}"
EndProject
Project("{FAE04EC0-301F-11D3-BF4B-00C04F79EFBC}") = "State", "State\State.csproj", "{03BB369E-4E95-4AA3-AD66-C1EA12704E08}"
EndProject
Project("{FAE04EC0-301F-11D3-BF4B-00C04F79EFBC}") = "TemplateMethod", "TemplateMethod\TemplateMethod.csproj", "{9D898B39-EE2A-48EF-9D0C-CC22DBA99F5E}"
EndProject
Project("{FAE04EC0-301F-11D3-BF4B-00C04F79EFBC}") = "Visitor", "Visitor\Visitor.csproj", "{D1E8EB62-3C6C-4921-9420-5BBF5256A25C}"
EndProject
Global
	GlobalSection(SolutionConfigurationPlatforms) = preSolution
		Debug|Any CPU = Debug|Any CPU
		Release|Any CPU = Release|Any CPU
	EndGlobalSection
	GlobalSection(ProjectConfigurationPlatforms) = postSolution
		{AC15D912-2A3A-45D6-AD91-6331352E9794}.Debug|Any CPU.ActiveCfg = Debug|Any CPU
		{AC15D912-2A3A-45D6-AD91-6331352E9794}.Debug|Any CPU.Build.0 = Debug|Any CPU
		{AC15D912-2A3A-45D6-AD91-6331352E9794}.Release|Any CPU.ActiveCfg = Release|Any CPU
		{AC15D912-2A3A-45D6-AD91-6331352E9794}.Release|Any CPU.Build.0 = Release|Any CPU
		{B48799DC-3DE8-45C0-A4C1-A6FA913059C5}.Debug|Any CPU.ActiveCfg = Debug|Any CPU
		{B48799DC-3DE8-45C0-A4C1-A6FA913059C5}.Debug|Any CPU.Build.0 = Debug|Any CPU
		{B48799DC-3DE8-45C0-A4C1-A6FA913059C5}.Release|Any CPU.ActiveCfg = Release|Any CPU
		{B48799DC-3DE8-45C0-A4C1-A6FA913059C5}.Release|Any CPU.Build.0 = Release|Any CPU
		{CF1D5521-EFE8-4590-BB96-AB7E5920BBC6}.Debug|Any CPU.ActiveCfg = Debug|Any CPU
		{CF1D5521-EFE8-4590-BB96-AB7E5920BBC6}.Debug|Any CPU.Build.0 = Debug|Any CPU
		{CF1D5521-EFE8-4590-BB96-AB7E5920BBC6}.Release|Any CPU.ActiveCfg = Release|Any CPU
		{CF1D5521-EFE8-4590-BB96-AB7E5920BBC6}.Release|Any CPU.Build.0 = Release|Any CPU
		{14FA08A2-59AB-4925-9B90-DD760B20634C}.Debug|Any CPU.ActiveCfg = Debug|Any CPU
		{14FA08A2-59AB-4925-9B90-DD760B20634C}.Debug|Any CPU.Build.0 = Debug|Any CPU
		{14FA08A2-59AB-4925-9B90-DD760B20634C}.Release|Any CPU.ActiveCfg = Release|Any CPU
		{14FA08A2-59AB-4925-9B90-DD760B20634C}.Release|Any CPU.Build.0 = Release|Any CPU
		{3D449712-E4CE-44DF-816D-D6B97DD19E87}.Debug|Any CPU.ActiveCfg = Debug|Any CPU
		{3D449712-E4CE-44DF-816D-D6B97DD19E87}.Debug|Any CPU.Build.0 = Debug|Any CPU
		{3D449712-E4CE-44DF-816D-D6B97DD19E87}.Release|Any CPU.ActiveCfg = Release|Any CPU
		{3D449712-E4CE-44DF-816D-D6B97DD19E87}.Release|Any CPU.Build.0 = Release|Any CPU
		{1B3263FA-5F8F-4D2A-9BAC-E46EF5B1C19E}.Debug|Any CPU.ActiveCfg = Debug|Any CPU
		{1B3263FA-5F8F-4D2A-9BAC-E46EF5B1C19E}.Debug|Any CPU.Build.0 = Debug|Any CPU
		{1B3263FA-5F8F-4D2A-9BAC-E46EF5B1C19E}.Release|Any CPU.ActiveCfg = Release|Any CPU
		{1B3263FA-5F8F-4D2A-9BAC-E46EF5B1C19E}.Release|Any CPU.Build.0 = Release|Any CPU
		{FC6D1383-8479-4D0D-838D-9A15E654CEA0}.Debug|Any CPU.ActiveCfg = Debug|Any CPU
		{FC6D1383-8479-4D0D-838D-9A15E654CEA0}.Debug|Any CPU.Build.0 = Debug|Any CPU
		{FC6D1383-8479-4D0D-838D-9A15E654CEA0}.Release|Any CPU.ActiveCfg = Release|Any CPU
		{FC6D1383-8479-4D0D-838D-9A15E654CEA0}.Release|Any CPU.Build.0 = Release|Any CPU
		{A4EF220A-CC93-4A88-9FB5-CF70802CDC1F}.Debug|Any CPU.ActiveCfg = Debug|Any CPU
		{A4EF220A-CC93-4A88-9FB5-CF70802CDC1F}.Debug|Any CPU.Build.0 = Debug|Any CPU
		{A4EF220A-CC93-4A88-9FB5-CF70802CDC1F}.Release|Any CPU.ActiveCfg = Release|Any CPU
		{A4EF220A-CC93-4A88-9FB5-CF70802CDC1F}.Release|Any CPU.Build.0 = Release|Any CPU
		{F1A240C6-E198-4403-95AB-8F57662D3AB8}.Debug|Any CPU.ActiveCfg = Debug|Any CPU
		{F1A240C6-E198-4403-95AB-8F57662D3AB8}.Debug|Any CPU.Build.0 = Debug|Any CPU
		{F1A240C6-E198-4403-95AB-8F57662D3AB8}.Release|Any CPU.ActiveCfg = Release|Any CPU
		{F1A240C6-E198-4403-95AB-8F57662D3AB8}.Release|Any CPU.Build.0 = Release|Any CPU
		{2DA33191-5CE2-408C-9408-65F9360E39F0}.Debug|Any CPU.ActiveCfg = Debug|Any CPU
		{2DA33191-5CE2-408C-9408-65F9360E39F0}.Debug|Any CPU.Build.0 = Debug|Any CPU
		{2DA33191-5CE2-408C-9408-65F9360E39F0}.Release|Any CPU.ActiveCfg = Release|Any CPU
		{2DA33191-5CE2-408C-9408-65F9360E39F0}.Release|Any CPU.Build.0 = Release|Any CPU
		{BAE778C7-76C9-4C09-A4A1-FB03B5F55B88}.Debug|Any CPU.ActiveCfg = Debug|Any CPU
		{BAE778C7-76C9-4C09-A4A1-FB03B5F55B88}.Debug|Any CPU.Build.0 = Debug|Any CPU
		{BAE778C7-76C9-4C09-A4A1-FB03B5F55B88}.Release|Any CPU.ActiveCfg = Release|Any CPU
		{BAE778C7-76C9-4C09-A4A1-FB03B5F55B88}.Release|Any CPU.Build.0 = Release|Any CPU
		{B75F73FA-4207-46DB-9635-E2FE4E67B87B}.Debug|Any CPU.ActiveCfg = Debug|Any CPU
		{B75F73FA-4207-46DB-9635-E2FE4E67B87B}.Debug|Any CPU.Build.0 = Debug|Any CPU
		{B75F73FA-4207-46DB-9635-E2FE4E67B87B}.Release|Any CPU.ActiveCfg = Release|Any CPU
		{B75F73FA-4207-46DB-9635-E2FE4E67B87B}.Release|Any CPU.Build.0 = Release|Any CPU
		{D1647DF5-EC13-4ACE-840D-20C2F00F0DFD}.Debug|Any CPU.ActiveCfg = Debug|Any CPU
		{D1647DF5-EC13-4ACE-840D-20C2F00F0DFD}.Debug|Any CPU.Build.0 = Debug|Any CPU
		{D1647DF5-EC13-4ACE-840D-20C2F00F0DFD}.Release|Any CPU.ActiveCfg = Release|Any CPU
		{D1647DF5-EC13-4ACE-840D-20C2F00F0DFD}.Release|Any CPU.Build.0 = Release|Any CPU
		{8839C326-42F0-4FBC-B963-83E1130AEC3B}.Debug|Any CPU.ActiveCfg = Debug|Any CPU
		{8839C326-42F0-4FBC-B963-83E1130AEC3B}.Debug|Any CPU.Build.0 = Debug|Any CPU
		{8839C326-42F0-4FBC-B963-83E1130AEC3B}.Release|Any CPU.ActiveCfg = Release|Any CPU
		{8839C326-42F0-4FBC-B963-83E1130AEC3B}.Release|Any CPU.Build.0 = Release|Any CPU
		{A68C1720-1F6F-4357-8FC4-A89DAF9B0A4D}.Debug|Any CPU.ActiveCfg = Debug|Any CPU
		{A68C1720-1F6F-4357-8FC4-A89DAF9B0A4D}.Debug|Any CPU.Build.0 = Debug|Any CPU
		{A68C1720-1F6F-4357-8FC4-A89DAF9B0A4D}.Release|Any CPU.ActiveCfg = Release|Any CPU
		{A68C1720-1F6F-4357-8FC4-A89DAF9B0A4D}.Release|Any CPU.Build.0 = Release|Any CPU
		{D9EBEE50-762F-46F7-A09D-F46A3F37F651}.Debug|Any CPU.ActiveCfg = Debug|Any CPU
		{D9EBEE50-762F-46F7-A09D-F46A3F37F651}.Debug|Any CPU.Build.0 = Debug|Any CPU
		{D9EBEE50-762F-46F7-A09D-F46A3F37F651}.Release|Any CPU.ActiveCfg = Release|Any CPU
		{D9EBEE50-762F-46F7-A09D-F46A3F37F651}.Release|Any CPU.Build.0 = Release|Any CPU
		{099DBA89-8158-4ECE-B197-C3EAA13E89E2}.Debug|Any CPU.ActiveCfg = Debug|Any CPU
		{099DBA89-8158-4ECE-B197-C3EAA13E89E2}.Debug|Any CPU.Build.0 = Debug|Any CPU
		{099DBA89-8158-4ECE-B197-C3EAA13E89E2}.Release|Any CPU.ActiveCfg = Release|Any CPU
		{099DBA89-8158-4ECE-B197-C3EAA13E89E2}.Release|Any CPU.Build.0 = Release|Any CPU
		{D93C70C9-5F63-4A9E-95A8-46C500636087}.Debug|Any CPU.ActiveCfg = Debug|Any CPU
		{D93C70C9-5F63-4A9E-95A8-46C500636087}.Debug|Any CPU.Build.0 = Debug|Any CPU
		{D93C70C9-5F63-4A9E-95A8-46C500636087}.Release|Any CPU.ActiveCfg = Release|Any CPU
		{D93C70C9-5F63-4A9E-95A8-46C500636087}.Release|Any CPU.Build.0 = Release|Any CPU
		{CD059559-B58A-41F7-8FF4-4CA36F341445}.Debug|Any CPU.ActiveCfg = Debug|Any CPU
		{CD059559-B58A-41F7-8FF4-4CA36F341445}.Debug|Any CPU.Build.0 = Debug|Any CPU
		{CD059559-B58A-41F7-8FF4-4CA36F341445}.Release|Any CPU.ActiveCfg = Release|Any CPU
		{CD059559-B58A-41F7-8FF4-4CA36F341445}.Release|Any CPU.Build.0 = Release|Any CPU
		{03BB369E-4E95-4AA3-AD66-C1EA12704E08}.Debug|Any CPU.ActiveCfg = Debug|Any CPU
		{03BB369E-4E95-4AA3-AD66-C1EA12704E08}.Debug|Any CPU.Build.0 = Debug|Any CPU
		{03BB369E-4E95-4AA3-AD66-C1EA12704E08}.Release|Any CPU.ActiveCfg = Release|Any CPU
		{03BB369E-4E95-4AA3-AD66-C1EA12704E08}.Release|Any CPU.Build.0 = Release|Any CPU
		{9D898B39-EE2A-48EF-9D0C-CC22DBA99F5E}.Debug|Any CPU.ActiveCfg = Debug|Any CPU
		{9D898B39-EE2A-48EF-9D0C-CC22DBA99F5E}.Debug|Any CPU.Build.0 = Debug|Any CPU
		{9D898B39-EE2A-48EF-9D0C-CC22DBA99F5E}.Release|Any CPU.ActiveCfg = Release|Any CPU
		{9D898B39-EE2A-48EF-9D0C-CC22DBA99F5E}.Release|Any CPU.Build.0 = Release|Any CPU
		{D1E8EB62-3C6C-4921-9420-5BBF5256A25C}.Debug|Any CPU.ActiveCfg = Debug|Any CPU
		{D1E8EB62-3C6C-4921-9420-5BBF5256A25C}.Debug|Any CPU.Build.0 = Debug|Any CPU
		{D1E8EB62-3C6C-4921-9420-5BBF5256A25C}.Release|Any CPU.ActiveCfg = Release|Any CPU
		{D1E8EB62-3C6C-4921-9420-5BBF5256A25C}.Release|Any CPU.Build.0 = Release|Any CPU
	EndGlobalSection
EndGlobal
